
Microsoft Visual Studio Solution File, Format Version 12.00
# Visual Studio Version 17
VisualStudioVersion = 17.3.32811.315
MinimumVisualStudioVersion = 10.0.40219.1
Project("{FAE04EC0-301F-11D3-BF4B-00C04F79EFBC}") = "Ejercicio3.Android", "Ejercicio3\Ejercicio3.Android\Ejercicio3.Android.csproj", "{6608F72F-F021-4220-8944-6E846D064D44}"
EndProject
Project("{FAE04EC0-301F-11D3-BF4B-00C04F79EFBC}") = "Ejercicio3.iOS", "Ejercicio3\Ejercicio3.iOS\Ejercicio3.iOS.csproj", "{6B1563A3-D728-4642-8AD7-CFD4D2DC3CAD}"
EndProject
Project("{FAE04EC0-301F-11D3-BF4B-00C04F79EFBC}") = "Ejercicio3", "Ejercicio3\Ejercicio3\Ejercicio3.csproj", "{6FFDC4F5-4F66-4DC8-A3B5-B2C3113FB62A}"
EndProject
Global
	GlobalSection(SolutionConfigurationPlatforms) = preSolution
		Debug|Any CPU = Debug|Any CPU
		Debug|iPhone = Debug|iPhone
		Debug|iPhoneSimulator = Debug|iPhoneSimulator
		Release|Any CPU = Release|Any CPU
		Release|iPhone = Release|iPhone
		Release|iPhoneSimulator = Release|iPhoneSimulator
	EndGlobalSection
	GlobalSection(ProjectConfigurationPlatforms) = postSolution
		{6608F72F-F021-4220-8944-6E846D064D44}.Debug|Any CPU.ActiveCfg = Debug|Any CPU
		{6608F72F-F021-4220-8944-6E846D064D44}.Debug|Any CPU.Build.0 = Debug|Any CPU
		{6608F72F-F021-4220-8944-6E846D064D44}.Debug|Any CPU.Deploy.0 = Debug|Any CPU
		{6608F72F-F021-4220-8944-6E846D064D44}.Debug|iPhone.ActiveCfg = Debug|Any CPU
		{6608F72F-F021-4220-8944-6E846D064D44}.Debug|iPhone.Build.0 = Debug|Any CPU
		{6608F72F-F021-4220-8944-6E846D064D44}.Debug|iPhone.Deploy.0 = Debug|Any CPU
		{6608F72F-F021-4220-8944-6E846D064D44}.Debug|iPhoneSimulator.ActiveCfg = Debug|Any CPU
		{6608F72F-F021-4220-8944-6E846D064D44}.Debug|iPhoneSimulator.Build.0 = Debug|Any CPU
		{6608F72F-F021-4220-8944-6E846D064D44}.Debug|iPhoneSimulator.Deploy.0 = Debug|Any CPU
		{6608F72F-F021-4220-8944-6E846D064D44}.Release|Any CPU.ActiveCfg = Release|Any CPU
		{6608F72F-F021-4220-8944-6E846D064D44}.Release|Any CPU.Build.0 = Release|Any CPU
		{6608F72F-F021-4220-8944-6E846D064D44}.Release|Any CPU.Deploy.0 = Release|Any CPU
		{6608F72F-F021-4220-8944-6E846D064D44}.Release|iPhone.ActiveCfg = Release|Any CPU
		{6608F72F-F021-4220-8944-6E846D064D44}.Release|iPhone.Build.0 = Release|Any CPU
		{6608F72F-F021-4220-8944-6E846D064D44}.Release|iPhone.Deploy.0 = Release|Any CPU
		{6608F72F-F021-4220-8944-6E846D064D44}.Release|iPhoneSimulator.ActiveCfg = Release|Any CPU
		{6608F72F-F021-4220-8944-6E846D064D44}.Release|iPhoneSimulator.Build.0 = Release|Any CPU
		{6608F72F-F021-4220-8944-6E846D064D44}.Release|iPhoneSimulator.Deploy.0 = Release|Any CPU
		{6B1563A3-D728-4642-8AD7-CFD4D2DC3CAD}.Debug|Any CPU.ActiveCfg = Debug|iPhone
		{6B1563A3-D728-4642-8AD7-CFD4D2DC3CAD}.Debug|Any CPU.Build.0 = Debug|iPhone
		{6B1563A3-D728-4642-8AD7-CFD4D2DC3CAD}.Debug|Any CPU.Deploy.0 = Debug|iPhone
		{6B1563A3-D728-4642-8AD7-CFD4D2DC3CAD}.Debug|iPhone.ActiveCfg = Debug|iPhone
		{6B1563A3-D728-4642-8AD7-CFD4D2DC3CAD}.Debug|iPhone.Build.0 = Debug|iPhone
		{6B1563A3-D728-4642-8AD7-CFD4D2DC3CAD}.Debug|iPhone.Deploy.0 = Debug|iPhone
		{6B1563A3-D728-4642-8AD7-CFD4D2DC3CAD}.Debug|iPhoneSimulator.ActiveCfg = Debug|iPhoneSimulator
		{6B1563A3-D728-4642-8AD7-CFD4D2DC3CAD}.Debug|iPhoneSimulator.Build.0 = Debug|iPhoneSimulator
		{6B1563A3-D728-4642-8AD7-CFD4D2DC3CAD}.Debug|iPhoneSimulator.Deploy.0 = Debug|iPhoneSimulator
		{6B1563A3-D728-4642-8AD7-CFD4D2DC3CAD}.Release|Any CPU.ActiveCfg = Release|iPhoneSimulator
		{6B1563A3-D728-4642-8AD7-CFD4D2DC3CAD}.Release|Any CPU.Build.0 = Release|iPhoneSimulator
		{6B1563A3-D728-4642-8AD7-CFD4D2DC3CAD}.Release|Any CPU.Deploy.0 = Release|iPhoneSimulator
		{6B1563A3-D728-4642-8AD7-CFD4D2DC3CAD}.Release|iPhone.ActiveCfg = Release|iPhone
		{6B1563A3-D728-4642-8AD7-CFD4D2DC3CAD}.Release|iPhone.Build.0 = Release|iPhone
		{6B1563A3-D728-4642-8AD7-CFD4D2DC3CAD}.Release|iPhone.Deploy.0 = Release|iPhone
		{6B1563A3-D728-4642-8AD7-CFD4D2DC3CAD}.Release|iPhoneSimulator.ActiveCfg = Release|iPhoneSimulator
		{6B1563A3-D728-4642-8AD7-CFD4D2DC3CAD}.Release|iPhoneSimulator.Build.0 = Release|iPhoneSimulator
		{6B1563A3-D728-4642-8AD7-CFD4D2DC3CAD}.Release|iPhoneSimulator.Deploy.0 = Release|iPhoneSimulator
		{6FFDC4F5-4F66-4DC8-A3B5-B2C3113FB62A}.Debug|Any CPU.ActiveCfg = Debug|Any CPU
		{6FFDC4F5-4F66-4DC8-A3B5-B2C3113FB62A}.Debug|Any CPU.Build.0 = Debug|Any CPU
		{6FFDC4F5-4F66-4DC8-A3B5-B2C3113FB62A}.Debug|Any CPU.Deploy.0 = Debug|Any CPU
		{6FFDC4F5-4F66-4DC8-A3B5-B2C3113FB62A}.Debug|iPhone.ActiveCfg = Debug|Any CPU
		{6FFDC4F5-4F66-4DC8-A3B5-B2C3113FB62A}.Debug|iPhone.Build.0 = Debug|Any CPU
		{6FFDC4F5-4F66-4DC8-A3B5-B2C3113FB62A}.Debug|iPhone.Deploy.0 = Debug|Any CPU
		{6FFDC4F5-4F66-4DC8-A3B5-B2C3113FB62A}.Debug|iPhoneSimulator.ActiveCfg = Debug|Any CPU
		{6FFDC4F5-4F66-4DC8-A3B5-B2C3113FB62A}.Debug|iPhoneSimulator.Build.0 = Debug|Any CPU
		{6FFDC4F5-4F66-4DC8-A3B5-B2C3113FB62A}.Debug|iPhoneSimulator.Deploy.0 = Debug|Any CPU
		{6FFDC4F5-4F66-4DC8-A3B5-B2C3113FB62A}.Release|Any CPU.ActiveCfg = Release|Any CPU
		{6FFDC4F5-4F66-4DC8-A3B5-B2C3113FB62A}.Release|Any CPU.Build.0 = Release|Any CPU
		{6FFDC4F5-4F66-4DC8-A3B5-B2C3113FB62A}.Release|Any CPU.Deploy.0 = Release|Any CPU
		{6FFDC4F5-4F66-4DC8-A3B5-B2C3113FB62A}.Release|iPhone.ActiveCfg = Release|Any CPU
		{6FFDC4F5-4F66-4DC8-A3B5-B2C3113FB62A}.Release|iPhone.Build.0 = Release|Any CPU
		{6FFDC4F5-4F66-4DC8-A3B5-B2C3113FB62A}.Release|iPhone.Deploy.0 = Release|Any CPU
		{6FFDC4F5-4F66-4DC8-A3B5-B2C3113FB62A}.Release|iPhoneSimulator.ActiveCfg = Release|Any CPU
		{6FFDC4F5-4F66-4DC8-A3B5-B2C3113FB62A}.Release|iPhoneSimulator.Build.0 = Release|Any CPU
		{6FFDC4F5-4F66-4DC8-A3B5-B2C3113FB62A}.Release|iPhoneSimulator.Deploy.0 = Release|Any CPU
	EndGlobalSection
	GlobalSection(SolutionProperties) = preSolution
		HideSolutionNode = FALSE
	EndGlobalSection
	GlobalSection(ExtensibilityGlobals) = postSolution
		SolutionGuid = {2D8D82F1-7944-436B-82F0-1F40B16F7B01}
	EndGlobalSection
EndGlobal
